{
  "version": 4,
  "terraform_version": "1.15.8",
  "serial": 52,
  "lineage": "619e7dff-1027-f903-4464-6279a65c0972",
  "outputs": {
    "instance_id": {
      "value": "i-0237bbb058b03e80b",
      "type": "string"
    },
    "instance_public_ip": {
      "value": "100.54.37.212",
      "type": "string"
    }
  },
  "resources": [
    {
      "mode": "data",
      "type": "archive_file",
      "name": "close_sg_zip",
      "provider": "provider[\"registry.terraform.io/hashicorp/archive\"]",
      "instances": [
        {
          "schema_version": 0,
          "attributes": {
            "exclude_symlink_directories": null,
            "excludes": null,
            "id": "1aca547fd42df40355152fecb97785022213b8ec",
            "output_base64sha256": "xf9igPO3SkS+6tCy0KP9fYvhP1LTjQOhOCczvw9xNu0=",
            "output_base64sha512": "Tz+6DNqqu53RuK49N2/Esoa7+Qkrbi3uQ1ACgc6SGksyH5awmiIBuc7MGIfauQg1YpmO6uht/cHBu+NT3tCJWA==",
            "output_file_mode": null,
            "output_md5": "57e2ba62b532873edbbe5e89ca2aa170",
            "output_path": "./files/close_open_security_group.zip",
            "output_sha": "1aca547fd42df40355152fecb97785022213b8ec",
            "output_sha256": "c5ff6280f3b74a44beead0b2d0a3fd7d8be13f52d38d03a1382733bf0f7136ed",
            "output_sha512": "4f3fba0cdaaabb9dd1b8ae3d376fc4b286bbf9092b6e2dee43500281ce921a4b321f96b09a2201b9cecc1887dab9083562998eeae86dfdc1c1bbe353ded08958",
            "output_size": 880,
            "source": [],
            "source_content": null,
            "source_content_filename": null,
            "source_dir": "./../lambda/close-open-security-group",
            "source_file": null,
            "type": "zip"
          },
          "sensitive_attributes": [],
          "identity_schema_version": 0
        }
      ]
    },
    {
      "mode": "data",
      "type": "archive_file",
      "name": "detect_ak_zip",
      "provider": "provider[\"registry.terraform.io/hashicorp/archive\"]",
      "instances": [
        {
          "schema_version": 0,
          "attributes": {
            "exclude_symlink_directories": null,
            "excludes": null,
            "id": "18fa26d6a29e5647ce7007313cb0bf5dd2f6ff70",
            "output_base64sha256": "HOcXaVEM3E9A5LgrsZUlg1kLFxoOnfB+2JZtGxHSlB0=",
            "output_base64sha512": "uAUwlT28evuNtuDDumEWcmSo5EEn79/KB7HYbPuF2MOaw8PFDA1pie4PgOAq0UIfq2DlZxvbmFtdjNr5rKq4/A==",
            "output_file_mode": null,
            "output_md5": "d315720506f7bb01f01fa4c82577bb79",
            "output_path": "./files/detect_access_key.zip",
            "output_sha": "18fa26d6a29e5647ce7007313cb0bf5dd2f6ff70",
            "output_sha256": "1ce71769510cdc4f40e4b82bb1952583590b171a0e9df07ed8966d1b11d2941d",
            "output_sha512": "b80530953dbc7afb8db6e0c3ba61167264a8e44127efdfca07b1d86cfb85d8c39ac3c3c50c0d6989ee0f80e02ad1421fab60e5671bdb985b5d8cdaf9acaab8fc",
            "output_size": 555,
            "source": [],
            "source_content": null,
            "source_content_filename": null,
            "source_dir": "./../lambda/detect-access-key",
            "source_file": null,
            "type": "zip"
          },
          "sensitive_attributes": [],
          "identity_schema_version": 0
        }
      ]
    },
    {
      "mode": "data",
      "type": "archive_file",
      "name": "notify_user_zip",
      "provider": "provider[\"registry.terraform.io/hashicorp/archive\"]",
      "instances": [
        {
          "schema_version": 0,
          "attributes": {
            "exclude_symlink_directories": null,
            "excludes": null,
            "id": "840988909a1144ba3be4860e185db9c5937023a4",
            "output_base64sha256": "3Avp6ZD8wzx5f8cG0SWkT6NDkCkS76C13vLAj9YRQcM=",
            "output_base64sha512": "8JM7zrRlO3tKSDLrFRdfPNL8mxv5RxvL3anxLGEfKxdaV6PVFuT02xhMktuAbSZ2h9vEzB/3keOO+4vylbYj8Q==",
            "output_file_mode": null,
            "output_md5": "7d53d0702d2184d9cad3eb643d4d8c04",
            "output_path": "./files/notify_new_user.zip",
            "output_sha": "840988909a1144ba3be4860e185db9c5937023a4",
            "output_sha256": "dc0be9e990fcc33c797fc706d125a44fa343902912efa0b5def2c08fd61141c3",
            "output_sha512": "f0933bceb4653b7b4a4832eb15175f3cd2fc9b1bf9471bcbdda9f12c611f2b175a57a3d516e4f4db184c92db806d267687dbc4cc1ff791e38efb8bf295b623f1",
            "output_size": 562,
            "source": [],
            "source_content": null,
            "source_content_filename": null,
            "source_dir": "./../lambda/notify-new-user",
            "source_file": null,
            "type": "zip"
          },
          "sensitive_attributes": [],
          "identity_schema_version": 0
        }
      ]
    },
    {
      "mode": "managed",
      "type": "aws_cloudwatch_event_rule",
      "name": "security_events",
      "provider": "provider[\"registry.terraform.io/hashicorp/aws\"]",
      "instances": [
        {
          "schema_version": 1,
          "attributes": {
            "arn": "arn:aws:events:us-east-1:238841125793:rule/capture-aws-security-events",
            "description": "Captures critical IAM and Security Group changes",
            "event_bus_name": "default",
            "event_pattern": "{\"detail\":{\"eventName\":[\"CreateUser\",\"CreateAccessKey\",\"AuthorizeSecurityGroupIngress\",\"ModifySecurityGroupRules\",\"DeleteTrail\",\"PutBucketPolicy\"]},\"detail-type\":[\"AWS API Call via CloudTrail\"],\"source\":[\"aws.iam\",\"aws.ec2\"]}",
            "force_destroy": false,
            "id": "capture-aws-security-events",
            "is_enabled": true,
            "name": "capture-aws-security-events",
            "name_prefix": "",
            "region": "us-east-1",
            "role_arn": "",
            "schedule_expression": "",
            "state": "ENABLED",
            "tags": {},
            "tags_all": {
              "Environment": "v2-automation",
              "Project": "Cloud-Security-Monitoring"
            }
          },
          "sensitive_attributes": [],
          "identity_schema_version": 0,
          "identity": {
            "account_id": "238841125793",
            "name": "capture-aws-security-events",
            "region": "us-east-1"
          },
          "private": "eyJzY2hlbWFfdmVyc2lvbiI6IjEifQ=="
        }
      ]
    },
    {
      "mode": "managed",
      "type": "aws_cloudwatch_event_target",
      "name": "close_sg_target",
      "provider": "provider[\"registry.terraform.io/hashicorp/aws\"]",
      "instances": [
        {
          "schema_version": 1,
          "attributes": {
            "appsync_target": [],
            "arn": "arn:aws:lambda:us-east-1:238841125793:function:close-open-security-group",
            "batch_target": [],
            "dead_letter_config": [],
            "ecs_target": [],
            "event_bus_name": "default",
            "force_destroy": false,
            "http_target": [],
            "id": "capture-aws-security-events-CloseOpenSecurityGroupLambda",
            "input": "",
            "input_path": "",
            "input_transformer": [],
            "kinesis_target": [],
            "redshift_target": [],
            "region": "us-east-1",
            "retry_policy": [],
            "role_arn": "",
            "rule": "capture-aws-security-events",
            "run_command_targets": [],
            "sagemaker_pipeline_target": [],
            "sqs_target": [],
            "target_id": "CloseOpenSecurityGroupLambda"
          },
          "sensitive_attributes": [],
          "identity_schema_version": 0,
          "identity": {
            "account_id": "238841125793",
            "event_bus_name": "default",
            "region": "us-east-1",
            "rule": "capture-aws-security-events",
            "target_id": "CloseOpenSecurityGroupLambda"
          },
          "private": "eyJzY2hlbWFfdmVyc2lvbiI6IjEifQ==",
          "dependencies": [
            "aws_cloudwatch_event_rule.security_events",
            "aws_iam_role.lambda_exec_role",
            "aws_lambda_function.close_open_sg",
            "data.archive_file.close_sg_zip"
          ]
        }
      ]
    },
    {
      "mode": "managed",
      "type": "aws_cloudwatch_event_target",
      "name": "lambda_target",
      "provider": "provider[\"registry.terraform.io/hashicorp/aws\"]",
      "instances": [
        {
          "schema_version": 1,
          "attributes": {
            "appsync_target": [],
            "arn": "arn:aws:lambda:us-east-1:238841125793:function:SecurityAutomationFunction",
            "batch_target": [],
            "dead_letter_config": [],
            "ecs_target": [],
            "event_bus_name": "default",
            "force_destroy": false,
            "http_target": [],
            "id": "capture-aws-security-events-SecurityAutomationLambda",
            "input": "",
            "input_path": "",
            "input_transformer": [],
            "kinesis_target": [],
            "redshift_target": [],
            "region": "us-east-1",
            "retry_policy": [],
            "role_arn": "",
            "rule": "capture-aws-security-events",
            "run_command_targets": [],
            "sagemaker_pipeline_target": [],
            "sqs_target": [],
            "target_id": "SecurityAutomationLambda"
          },
          "sensitive_attributes": [],
          "identity_schema_version": 0,
          "identity": {
            "account_id": "238841125793",
            "event_bus_name": "default",
            "region": "us-east-1",
            "rule": "capture-aws-security-events",
            "target_id": "SecurityAutomationLambda"
          },
          "private": "eyJzY2hlbWFfdmVyc2lvbiI6IjEifQ==",
          "dependencies": [
            "aws_cloudwatch_event_rule.security_events",
            "aws_iam_role.lambda_exec_role",
            "aws_lambda_function.security_auto"
          ]
        }
      ]
    },
    {
      "mode": "managed",
      "type": "aws_iam_role",
      "name": "lambda_exec_role",
      "provider": "provider[\"registry.terraform.io/hashicorp/aws\"]",
      "instances": [
        {
          "schema_version": 0,
          "attributes": {
            "arn": "arn:aws:iam::238841125793:role/security_lambda_execution_role",
            "assume_role_policy": "{\"Statement\":[{\"Action\":\"sts:AssumeRole\",\"Effect\":\"Allow\",\"Principal\":{\"Service\":\"lambda.amazonaws.com\"}}],\"Version\":\"2012-10-17\"}",
            "create_date": "2026-07-21T11:02:11Z",
            "description": "",
            "force_detach_policies": false,
            "id": "security_lambda_execution_role",
            "inline_policy": [],
            "managed_policy_arns": [],
            "max_session_duration": 3600,
            "name": "security_lambda_execution_role",
            "name_prefix": "",
            "path": "/",
            "permissions_boundary": "",
            "tags": {},
            "tags_all": {
              "Environment": "v2-automation",
              "Project": "Cloud-Security-Monitoring"
            },
            "unique_id": "AROATPHAKLOQ4JBN3DSAL"
          },
          "sensitive_attributes": [],
          "identity_schema_version": 0,
          "identity": {
            "account_id": "238841125793",
            "name": "security_lambda_execution_role"
          },
          "private": "bnVsbA=="
        }
      ]
    },
    {
      "mode": "managed",
      "type": "aws_instance",
      "name": "monitor_node",
      "provider": "provider[\"registry.terraform.io/hashicorp/aws\"]",
      "instances": [
        {
          "schema_version": 2,
          "attributes": {
            "ami": "ami-0c101f26f147fa7fd",
            "arn": "arn:aws:ec2:us-east-1:238841125793:instance/i-0237bbb058b03e80b",
            "associate_public_ip_address": true,
            "availability_zone": "us-east-1a",
            "capacity_reservation_specification": [
              {
                "capacity_reservation_preference": "open",
                "capacity_reservation_target": []
              }
            ],
            "cpu_options": [
              {
                "amd_sev_snp": "",
                "core_count": 1,
                "nested_virtualization": "",
                "threads_per_core": 1
              }
            ],
            "credit_specification": [
              {
                "cpu_credits": "standard"
              }
            ],
            "disable_api_stop": false,
            "disable_api_termination": false,
            "ebs_block_device": [],
            "ebs_optimized": false,
            "enable_primary_ipv6": null,
            "enclave_options": [
              {
                "enabled": false
              }
            ],
            "ephemeral_block_device": [],
            "force_destroy": null,
            "get_password_data": false,
            "hibernation": false,
            "host_id": "",
            "host_resource_group_arn": null,
            "iam_instance_profile": "",
            "id": "i-0237bbb058b03e80b",
            "instance_initiated_shutdown_behavior": "stop",
            "instance_lifecycle": "",
            "instance_market_options": [],
            "instance_state": "running",
            "instance_type": "t2.micro",
            "ipv6_address_count": 0,
            "ipv6_addresses": [],
            "key_name": "",
            "launch_template": [],
            "maintenance_options": [
              {
                "auto_recovery": "default"
              }
            ],
            "metadata_options": [
              {
                "http_endpoint": "enabled",
                "http_protocol_ipv6": "disabled",
                "http_put_response_hop_limit": 2,
                "http_tokens": "required",
                "instance_metadata_tags": "disabled"
              }
            ],
            "monitoring": false,
            "network_interface": [],
            "outpost_arn": "",
            "password_data": "",
            "placement_group": "",
            "placement_group_id": "",
            "placement_partition_number": 0,
            "primary_network_interface": [
              {
                "delete_on_termination": true,
                "network_interface_id": "eni-03c4823e3f02544ba"
              }
            ],
            "primary_network_interface_id": "eni-03c4823e3f02544ba",
            "private_dns": "ip-10-0-1-140.ec2.internal",
            "private_dns_name_options": [
              {
                "enable_resource_name_dns_a_record": false,
                "enable_resource_name_dns_aaaa_record": false,
                "hostname_type": "ip-name"
              }
            ],
            "private_ip": "10.0.1.140",
            "public_dns": "ec2-100-54-37-212.compute-1.amazonaws.com",
            "public_ip": "100.54.37.212",
            "region": "us-east-1",
            "root_block_device": [
              {
                "delete_on_termination": true,
                "device_name": "/dev/xvda",
                "encrypted": false,
                "iops": 3000,
                "kms_key_id": "",
                "tags": {},
                "tags_all": {},
                "throughput": 125,
                "volume_id": "vol-09223d2980e4a275f",
                "volume_size": 8,
                "volume_type": "gp3"
              }
            ],
            "secondary_network_interface": [],
            "secondary_private_ips": [],
            "security_groups": [],
            "source_dest_check": true,
            "spot_instance_request_id": "",
            "subnet_id": "subnet-0d45a09b8a57601f3",
            "tags": {
              "Environment": "v2-automation",
              "Name": "Cloud-Security-Monitoring-node"
            },
            "tags_all": {
              "Environment": "v2-automation",
              "Name": "Cloud-Security-Monitoring-node",
              "Project": "Cloud-Security-Monitoring"
            },
            "tenancy": "default",
            "timeouts": null,
            "user_data": null,
            "user_data_base64": null,
            "user_data_replace_on_change": false,
            "volume_tags": null,
            "vpc_security_group_ids": [
              "sg-0d057b5f5cbe7a290"
            ]
          },
          "sensitive_attributes": [],
          "identity_schema_version": 0,
          "identity": {
            "account_id": "238841125793",
            "id": "i-0237bbb058b03e80b",
            "region": "us-east-1"
          },
          "private": "eyJlMmJmYjczMC1lY2FhLTExZTYtOGY4OC0zNDM2M2JjN2M0YzAiOnsiY3JlYXRlIjo2MDAwMDAwMDAwMDAsImRlbGV0ZSI6MTIwMDAwMDAwMDAwMCwicmVhZCI6OTAwMDAwMDAwMDAwLCJ1cGRhdGUiOjYwMDAwMDAwMDAwMH0sInNjaGVtYV92ZXJzaW9uIjoiMSJ9",
          "dependencies": [
            "aws_security_group.web_sg",
            "aws_subnet.public",
            "aws_vpc.main"
          ]
        }
      ]
    },
    {
      "mode": "managed",
      "type": "aws_internet_gateway",
      "name": "igw",
      "provider": "provider[\"registry.terraform.io/hashicorp/aws\"]",
      "instances": [
        {
          "schema_version": 0,
          "attributes": {
            "arn": "arn:aws:ec2:us-east-1:238841125793:internet-gateway/igw-097b5fb5c9ec05173",
            "id": "igw-097b5fb5c9ec05173",
            "owner_id": "238841125793",
            "region": "us-east-1",
            "tags": {
              "Environment": "v2-automation",
              "Name": "Cloud-Security-Monitoring-igw"
            },
            "tags_all": {
              "Environment": "v2-automation",
              "Name": "Cloud-Security-Monitoring-igw",
              "Project": "Cloud-Security-Monitoring"
            },
            "timeouts": null,
            "vpc_id": "vpc-07cf714d5e2ec6f8b"
          },
          "sensitive_attributes": [],
          "identity_schema_version": 0,
          "identity": {
            "account_id": "238841125793",
            "id": "igw-097b5fb5c9ec05173",
            "region": "us-east-1"
          },
          "private": "eyJlMmJmYjczMC1lY2FhLTExZTYtOGY4OC0zNDM2M2JjN2M0YzAiOnsiY3JlYXRlIjoxMjAwMDAwMDAwMDAwLCJkZWxldGUiOjEyMDAwMDAwMDAwMDAsInVwZGF0ZSI6MTIwMDAwMDAwMDAwMH19",
          "dependencies": [
            "aws_vpc.main"
          ]
        }
      ]
    },
    {
      "mode": "managed",
      "type": "aws_lambda_function",
      "name": "close_open_sg",
      "provider": "provider[\"registry.terraform.io/hashicorp/aws\"]",
      "instances": [
        {
          "schema_version": 0,
          "attributes": {
            "architectures": [
              "x86_64"
            ],
            "arn": "arn:aws:lambda:us-east-1:238841125793:function:close-open-security-group",
            "capacity_provider_config": [],
            "code_sha256": "xf9igPO3SkS+6tCy0KP9fYvhP1LTjQOhOCczvw9xNu0=",
            "code_signing_config_arn": "",
            "dead_letter_config": [],
            "description": "",
            "durable_config": [],
            "environment": [],
            "ephemeral_storage": [
              {
                "size": 512
              }
            ],
            "file_system_config": [],
            "filename": "./files/close_open_security_group.zip",
            "function_name": "close-open-security-group",
            "handler": "index.lambda_handler",
            "id": "close-open-security-group",
            "image_config": [],
            "image_uri": "",
            "invoke_arn": "arn:aws:apigateway:us-east-1:lambda:path/2015-03-31/functions/arn:aws:lambda:us-east-1:238841125793:function:close-open-security-group/invocations",
            "kms_key_arn": "",
            "last_modified": "2026-07-21T11:27:59.165+0000",
            "layers": [],
            "logging_config": [
              {
                "application_log_level": "",
                "log_format": "Text",
                "log_group": "/aws/lambda/close-open-security-group",
                "system_log_level": ""
              }
            ],
            "memory_size": 128,
            "package_type": "Zip",
            "publish": false,
            "publish_to": null,
            "qualified_arn": "arn:aws:lambda:us-east-1:238841125793:function:close-open-security-group:$LATEST",
            "qualified_invoke_arn": "arn:aws:apigateway:us-east-1:lambda:path/2015-03-31/functions/arn:aws:lambda:us-east-1:238841125793:function:close-open-security-group:$LATEST/invocations",
            "region": "us-east-1",
            "replace_security_groups_on_destroy": null,
            "replacement_security_group_ids": null,
            "reserved_concurrent_executions": -1,
            "response_streaming_invoke_arn": "arn:aws:apigateway:us-east-1:lambda:path/2021-11-15/functions/arn:aws:lambda:us-east-1:238841125793:function:close-open-security-group/response-streaming-invocations",
            "role": "arn:aws:iam::238841125793:role/security_lambda_execution_role",
            "runtime": "python3.9",
            "s3_bucket": null,
            "s3_key": null,
            "s3_object_version": null,
            "signing_job_arn": "",
            "signing_profile_version_arn": "",
            "skip_destroy": false,
            "snap_start": [],
            "source_code_hash": "xf9igPO3SkS+6tCy0KP9fYvhP1LTjQOhOCczvw9xNu0=",
            "source_code_size": 880,
            "source_kms_key_arn": "",
            "tags": {},
            "tags_all": {
              "Environment": "v2-automation",
              "Project": "Cloud-Security-Monitoring"
            },
            "tenancy_config": [],
            "timeout": 3,
            "timeouts": null,
            "tracing_config": [
              {
                "mode": "PassThrough"
              }
            ],
            "use_resource_timeout_for_propagation": null,
            "version": "$LATEST",
            "vpc_config": []
          },
          "sensitive_attributes": [],
          "identity_schema_version": 0,
          "identity": {
            "account_id": "238841125793",
            "function_name": "close-open-security-group",
            "region": "us-east-1"
          },
          "private": "eyJlMmJmYjczMC1lY2FhLTExZTYtOGY4OC0zNDM2M2JjN2M0YzAiOnsiY3JlYXRlIjo2MDAwMDAwMDAwMDAsImRlbGV0ZSI6NjAwMDAwMDAwMDAwLCJ1cGRhdGUiOjYwMDAwMDAwMDAwMH19",
          "dependencies": [
            "aws_iam_role.lambda_exec_role",
            "data.archive_file.close_sg_zip"
          ]
        }
      ]
    },
    {
      "mode": "managed",
      "type": "aws_lambda_function",
      "name": "detect_access_key",
      "provider": "provider[\"registry.terraform.io/hashicorp/aws\"]",
      "instances": [
        {
          "schema_version": 0,
          "attributes": {
            "architectures": [
              "x86_64"
            ],
            "arn": "arn:aws:lambda:us-east-1:238841125793:function:detect-access-key",
            "capacity_provider_config": [],
            "code_sha256": "HOcXaVEM3E9A5LgrsZUlg1kLFxoOnfB+2JZtGxHSlB0=",
            "code_signing_config_arn": "",
            "dead_letter_config": [],
            "description": "",
            "durable_config": [],
            "environment": [
              {
                "variables": {
                  "SNS_TOPIC_ARN": "arn:aws:sns:us-east-1:238841125793:security-alerts-topic"
                }
              }
            ],
            "ephemeral_storage": [
              {
                "size": 512
              }
            ],
            "file_system_config": [],
            "filename": "./files/detect_access_key.zip",
            "function_name": "detect-access-key",
            "handler": "index.lambda_handler",
            "id": "detect-access-key",
            "image_config": [],
            "image_uri": "",
            "invoke_arn": "arn:aws:apigateway:us-east-1:lambda:path/2015-03-31/functions/arn:aws:lambda:us-east-1:238841125793:function:detect-access-key/invocations",
            "kms_key_arn": "",
            "last_modified": "2026-07-21T11:28:13.616+0000",
            "layers": [],
            "logging_config": [
              {
                "application_log_level": "",
                "log_format": "Text",
                "log_group": "/aws/lambda/detect-access-key",
                "system_log_level": ""
              }
            ],
            "memory_size": 128,
            "package_type": "Zip",
            "publish": false,
            "publish_to": null,
            "qualified_arn": "arn:aws:lambda:us-east-1:238841125793:function:detect-access-key:$LATEST",
            "qualified_invoke_arn": "arn:aws:apigateway:us-east-1:lambda:path/2015-03-31/functions/arn:aws:lambda:us-east-1:238841125793:function:detect-access-key:$LATEST/invocations",
            "region": "us-east-1",
            "replace_security_groups_on_destroy": null,
            "replacement_security_group_ids": null,
            "reserved_concurrent_executions": -1,
            "response_streaming_invoke_arn": "arn:aws:apigateway:us-east-1:lambda:path/2021-11-15/functions/arn:aws:lambda:us-east-1:238841125793:function:detect-access-key/response-streaming-invocations",
            "role": "arn:aws:iam::238841125793:role/security_lambda_execution_role",
            "runtime": "python3.9",
            "s3_bucket": null,
            "s3_key": null,
            "s3_object_version": null,
            "signing_job_arn": "",
            "signing_profile_version_arn": "",
            "skip_destroy": false,
            "snap_start": [],
            "source_code_hash": "HOcXaVEM3E9A5LgrsZUlg1kLFxoOnfB+2JZtGxHSlB0=",
            "source_code_size": 555,
            "source_kms_key_arn": "",
            "tags": {},
            "tags_all": {
              "Environment": "v2-automation",
              "Project": "Cloud-Security-Monitoring"
            },
            "tenancy_config": [],
            "timeout": 3,
            "timeouts": null,
            "tracing_config": [
              {
                "mode": "PassThrough"
              }
            ],
            "use_resource_timeout_for_propagation": null,
            "version": "$LATEST",
            "vpc_config": []
          },
          "sensitive_attributes": [],
          "identity_schema_version": 0,
          "identity": {
            "account_id": "238841125793",
            "function_name": "detect-access-key",
            "region": "us-east-1"
          },
          "private": "eyJlMmJmYjczMC1lY2FhLTExZTYtOGY4OC0zNDM2M2JjN2M0YzAiOnsiY3JlYXRlIjo2MDAwMDAwMDAwMDAsImRlbGV0ZSI6NjAwMDAwMDAwMDAwLCJ1cGRhdGUiOjYwMDAwMDAwMDAwMH19",
          "dependencies": [
            "aws_iam_role.lambda_exec_role",
            "aws_sns_topic.security_alerts",
            "data.archive_file.detect_ak_zip"
          ]
        }
      ]
    },
    {
      "mode": "managed",
      "type": "aws_lambda_function",
      "name": "notify_new_user",
      "provider": "provider[\"registry.terraform.io/hashicorp/aws\"]",
      "instances": [
        {
          "schema_version": 0,
          "attributes": {
            "architectures": [
              "x86_64"
            ],
            "arn": "arn:aws:lambda:us-east-1:238841125793:function:notify-new-user",
            "capacity_provider_config": [],
            "code_sha256": "3Avp6ZD8wzx5f8cG0SWkT6NDkCkS76C13vLAj9YRQcM=",
            "code_signing_config_arn": "",
            "dead_letter_config": [],
            "description": "",
            "durable_config": [],
            "environment": [
              {
                "variables": {
                  "SNS_TOPIC_ARN": "arn:aws:sns:us-east-1:238841125793:security-alerts-topic"
                }
              }
            ],
            "ephemeral_storage": [
              {
                "size": 512
              }
            ],
            "file_system_config": [],
            "filename": "./files/notify_new_user.zip",
            "function_name": "notify-new-user",
            "handler": "index.lambda_handler",
            "id": "notify-new-user",
            "image_config": [],
            "image_uri": "",
            "invoke_arn": "arn:aws:apigateway:us-east-1:lambda:path/2015-03-31/functions/arn:aws:lambda:us-east-1:238841125793:function:notify-new-user/invocations",
            "kms_key_arn": "",
            "last_modified": "2026-07-21T11:28:05.932+0000",
            "layers": [],
            "logging_config": [
              {
                "application_log_level": "",
                "log_format": "Text",
                "log_group": "/aws/lambda/notify-new-user",
                "system_log_level": ""
              }
            ],
            "memory_size": 128,
            "package_type": "Zip",
            "publish": false,
            "publish_to": null,
            "qualified_arn": "arn:aws:lambda:us-east-1:238841125793:function:notify-new-user:$LATEST",
            "qualified_invoke_arn": "arn:aws:apigateway:us-east-1:lambda:path/2015-03-31/functions/arn:aws:lambda:us-east-1:238841125793:function:notify-new-user:$LATEST/invocations",
            "region": "us-east-1",
            "replace_security_groups_on_destroy": null,
            "replacement_security_group_ids": null,
            "reserved_concurrent_executions": -1,
            "response_streaming_invoke_arn": "arn:aws:apigateway:us-east-1:lambda:path/2021-11-15/functions/arn:aws:lambda:us-east-1:238841125793:function:notify-new-user/response-streaming-invocations",
            "role": "arn:aws:iam::238841125793:role/security_lambda_execution_role",
            "runtime": "python3.9",
            "s3_bucket": null,
            "s3_key": null,
            "s3_object_version": null,
            "signing_job_arn": "",
            "signing_profile_version_arn": "",
            "skip_destroy": false,
            "snap_start": [],
            "source_code_hash": "3Avp6ZD8wzx5f8cG0SWkT6NDkCkS76C13vLAj9YRQcM=",
            "source_code_size": 562,
            "source_kms_key_arn": "",
            "tags": {},
            "tags_all": {
              "Environment": "v2-automation",
              "Project": "Cloud-Security-Monitoring"
            },
            "tenancy_config": [],
            "timeout": 3,
            "timeouts": null,
            "tracing_config": [
              {
                "mode": "PassThrough"
              }
            ],
            "use_resource_timeout_for_propagation": null,
            "version": "$LATEST",
            "vpc_config": []
          },
          "sensitive_attributes": [],
          "identity_schema_version": 0,
          "identity": {
            "account_id": "238841125793",
            "function_name": "notify-new-user",
            "region": "us-east-1"
          },
          "private": "eyJlMmJmYjczMC1lY2FhLTExZTYtOGY4OC0zNDM2M2JjN2M0YzAiOnsiY3JlYXRlIjo2MDAwMDAwMDAwMDAsImRlbGV0ZSI6NjAwMDAwMDAwMDAwLCJ1cGRhdGUiOjYwMDAwMDAwMDAwMH19",
          "dependencies": [
            "aws_iam_role.lambda_exec_role",
            "aws_sns_topic.security_alerts",
            "data.archive_file.notify_user_zip"
          ]
        }
      ]
    },
    {
      "mode": "managed",
      "type": "aws_lambda_function",
      "name": "security_auto",
      "provider": "provider[\"registry.terraform.io/hashicorp/aws\"]",
      "instances": [
        {
          "schema_version": 0,
          "attributes": {
            "architectures": [
              "x86_64"
            ],
            "arn": "arn:aws:lambda:us-east-1:238841125793:function:SecurityAutomationFunction",
            "capacity_provider_config": [],
            "code_sha256": "0QM7rOe6y8ct9+2MpidBfK0dwQyCv1K5UadPu6jQJrM=",
            "code_signing_config_arn": "",
            "dead_letter_config": [],
            "description": "",
            "durable_config": [],
            "environment": [],
            "ephemeral_storage": [
              {
                "size": 512
              }
            ],
            "file_system_config": [],
            "filename": "lambda_function.zip",
            "function_name": "SecurityAutomationFunction",
            "handler": "security_fix.lambda_handler",
            "id": "SecurityAutomationFunction",
            "image_config": [],
            "image_uri": "",
            "invoke_arn": "arn:aws:apigateway:us-east-1:lambda:path/2015-03-31/functions/arn:aws:lambda:us-east-1:238841125793:function:SecurityAutomationFunction/invocations",
            "kms_key_arn": "",
            "last_modified": "2026-07-21T11:02:21.000+0000",
            "layers": [],
            "logging_config": [
              {
                "application_log_level": "",
                "log_format": "Text",
                "log_group": "/aws/lambda/SecurityAutomationFunction",
                "system_log_level": ""
              }
            ],
            "memory_size": 128,
            "package_type": "Zip",
            "publish": false,
            "publish_to": null,
            "qualified_arn": "arn:aws:lambda:us-east-1:238841125793:function:SecurityAutomationFunction:$LATEST",
            "qualified_invoke_arn": "arn:aws:apigateway:us-east-1:lambda:path/2015-03-31/functions/arn:aws:lambda:us-east-1:238841125793:function:SecurityAutomationFunction:$LATEST/invocations",
            "region": "us-east-1",
            "replace_security_groups_on_destroy": null,
            "replacement_security_group_ids": null,
            "reserved_concurrent_executions": -1,
            "response_streaming_invoke_arn": "arn:aws:apigateway:us-east-1:lambda:path/2021-11-15/functions/arn:aws:lambda:us-east-1:238841125793:function:SecurityAutomationFunction/response-streaming-invocations",
            "role": "arn:aws:iam::238841125793:role/security_lambda_execution_role",
            "runtime": "python3.9",
            "s3_bucket": null,
            "s3_key": null,
            "s3_object_version": null,
            "signing_job_arn": "",
            "signing_profile_version_arn": "",
            "skip_destroy": false,
            "snap_start": [],
            "source_code_hash": "0QM7rOe6y8ct9+2MpidBfK0dwQyCv1K5UadPu6jQJrM=",
            "source_code_size": 710,
            "source_kms_key_arn": "",
            "tags": {},
            "tags_all": {
              "Environment": "v2-automation",
              "Project": "Cloud-Security-Monitoring"
            },
            "tenancy_config": [],
            "timeout": 15,
            "timeouts": null,
            "tracing_config": [
              {
                "mode": "PassThrough"
              }
            ],
            "use_resource_timeout_for_propagation": null,
            "version": "$LATEST",
            "vpc_config": []
          },
          "sensitive_attributes": [],
          "identity_schema_version": 0,
          "identity": {
            "account_id": "238841125793",
            "function_name": "SecurityAutomationFunction",
            "region": "us-east-1"
          },
          "private": "eyJlMmJmYjczMC1lY2FhLTExZTYtOGY4OC0zNDM2M2JjN2M0YzAiOnsiY3JlYXRlIjo2MDAwMDAwMDAwMDAsImRlbGV0ZSI6NjAwMDAwMDAwMDAwLCJ1cGRhdGUiOjYwMDAwMDAwMDAwMH19",
          "dependencies": [
            "aws_iam_role.lambda_exec_role"
          ]
        }
      ]
    },
    {
      "mode": "managed",
      "type": "aws_lambda_permission",
      "name": "allow_eventbridge_close_sg",
      "provider": "provider[\"registry.terraform.io/hashicorp/aws\"]",
      "instances": [
        {
          "schema_version": 0,
          "attributes": {
            "action": "lambda:InvokeFunction",
            "event_source_token": null,
            "function_name": "close-open-security-group",
            "function_url_auth_type": null,
            "id": "AllowExecutionFromEventBridge",
            "invoked_via_function_url": null,
            "principal": "events.amazonaws.com",
            "principal_org_id": null,
            "qualifier": "",
            "region": "us-east-1",
            "source_account": null,
            "source_arn": "arn:aws:events:us-east-1:238841125793:rule/capture-aws-security-events",
            "statement_id": "AllowExecutionFromEventBridge",
            "statement_id_prefix": "",
            "timeouts": null
          },
          "sensitive_attributes": [],
          "identity_schema_version": 0,
          "identity": {
            "account_id": "238841125793",
            "function_name": "close-open-security-group",
            "qualifier": null,
            "region": "us-east-1",
            "statement_id": "AllowExecutionFromEventBridge"
          },
          "private": "eyJlMmJmYjczMC1lY2FhLTExZTYtOGY4OC0zNDM2M2JjN2M0YzAiOnsiY3JlYXRlIjozMDAwMDAwMDAwMDAsImRlbGV0ZSI6MzAwMDAwMDAwMDAwLCJyZWFkIjozMDAwMDAwMDAwMDB9fQ==",
          "dependencies": [
            "aws_cloudwatch_event_rule.security_events",
            "aws_iam_role.lambda_exec_role",
            "aws_lambda_function.close_open_sg",
            "data.archive_file.close_sg_zip"
          ]
        }
      ]
    },
    {
      "mode": "managed",
      "type": "aws_route_table",
      "name": "public",
      "provider": "provider[\"registry.terraform.io/hashicorp/aws\"]",
      "instances": [
        {
          "schema_version": 0,
          "attributes": {
            "arn": "arn:aws:ec2:us-east-1:238841125793:route-table/rtb-0a8ca3fea4b6a3796",
            "id": "rtb-0a8ca3fea4b6a3796",
            "owner_id": "238841125793",
            "propagating_vgws": [],
            "region": "us-east-1",
            "route": [
              {
                "carrier_gateway_id": "",
                "cidr_block": "0.0.0.0/0",
                "core_network_arn": "",
                "destination_prefix_list_id": "",
                "egress_only_gateway_id": "",
                "gateway_id": "igw-097b5fb5c9ec05173",
                "ipv6_cidr_block": "",
                "local_gateway_id": "",
                "nat_gateway_id": "",
                "network_interface_id": "",
                "odb_network_arn": "",
                "transit_gateway_id": "",
                "vpc_endpoint_id": "",
                "vpc_peering_connection_id": ""
              }
            ],
            "tags": {
              "Environment": "v2-automation",
              "Name": "Cloud-Security-Monitoring-public-rt"
            },
            "tags_all": {
              "Environment": "v2-automation",
              "Name": "Cloud-Security-Monitoring-public-rt",
              "Project": "Cloud-Security-Monitoring"
            },
            "timeouts": null,
            "vpc_id": "vpc-07cf714d5e2ec6f8b"
          },
          "sensitive_attributes": [],
          "identity_schema_version": 0,
          "identity": {
            "account_id": "238841125793",
            "id": "rtb-0a8ca3fea4b6a3796",
            "region": "us-east-1"
          },
          "private": "eyJlMmJmYjczMC1lY2FhLTExZTYtOGY4OC0zNDM2M2JjN2M0YzAiOnsiY3JlYXRlIjozMDAwMDAwMDAwMDAsImRlbGV0ZSI6MzAwMDAwMDAwMDAwLCJ1cGRhdGUiOjEyMDAwMDAwMDAwMH19",
          "dependencies": [
            "aws_internet_gateway.igw",
            "aws_vpc.main"
          ]
        }
      ]
    },
    {
      "mode": "managed",
      "type": "aws_route_table_association",
      "name": "public",
      "provider": "provider[\"registry.terraform.io/hashicorp/aws\"]",
      "instances": [
        {
          "schema_version": 0,
          "attributes": {
            "gateway_id": "",
            "id": "rtbassoc-0edee84a1fc01783a",
            "region": "us-east-1",
            "route_table_id": "rtb-0a8ca3fea4b6a3796",
            "subnet_id": "subnet-0d45a09b8a57601f3",
            "timeouts": null
          },
          "sensitive_attributes": [],
          "identity_schema_version": 0,
          "identity": {
            "account_id": "238841125793",
            "id": "rtbassoc-0edee84a1fc01783a",
            "region": "us-east-1"
          },
          "private": "eyJlMmJmYjczMC1lY2FhLTExZTYtOGY4OC0zNDM2M2JjN2M0YzAiOnsiY3JlYXRlIjozMDAwMDAwMDAwMDAsImRlbGV0ZSI6MzAwMDAwMDAwMDAwLCJ1cGRhdGUiOjEyMDAwMDAwMDAwMH19",
          "dependencies": [
            "aws_internet_gateway.igw",
            "aws_route_table.public",
            "aws_subnet.public",
            "aws_vpc.main"
          ]
        }
      ]
    },
    {
      "mode": "managed",
      "type": "aws_security_group",
      "name": "web_sg",
      "provider": "provider[\"registry.terraform.io/hashicorp/aws\"]",
      "instances": [
        {
          "schema_version": 1,
          "attributes": {
            "arn": "arn:aws:ec2:us-east-1:238841125793:security-group/sg-0d057b5f5cbe7a290",
            "description": "Allow SSH and HTTP",
            "egress": [
              {
                "cidr_blocks": [
                  "0.0.0.0/0"
                ],
                "description": "",
                "from_port": 0,
                "ipv6_cidr_blocks": [],
                "prefix_list_ids": [],
                "protocol": "-1",
                "security_groups": [],
                "self": false,
                "to_port": 0
              }
            ],
            "id": "sg-0d057b5f5cbe7a290",
            "ingress": [
              {
                "cidr_blocks": [
                  "0.0.0.0/0"
                ],
                "description": "",
                "from_port": 22,
                "ipv6_cidr_blocks": [],
                "prefix_list_ids": [],
                "protocol": "tcp",
                "security_groups": [],
                "self": false,
                "to_port": 22
              }
            ],
            "name": "Cloud-Security-Monitoring-sg",
            "name_prefix": "",
            "owner_id": "238841125793",
            "region": "us-east-1",
            "revoke_rules_on_delete": false,
            "tags": {
              "Name": "Cloud-Security-Monitoring-sg"
            },
            "tags_all": {
              "Environment": "v2-automation",
              "Name": "Cloud-Security-Monitoring-sg",
              "Project": "Cloud-Security-Monitoring"
            },
            "timeouts": null,
            "vpc_id": "vpc-07cf714d5e2ec6f8b"
          },
          "sensitive_attributes": [],
          "identity_schema_version": 0,
          "identity": {
            "account_id": "238841125793",
            "id": "sg-0d057b5f5cbe7a290",
            "region": "us-east-1"
          },
          "private": "eyJlMmJmYjczMC1lY2FhLTExZTYtOGY4OC0zNDM2M2JjN2M0YzAiOnsiY3JlYXRlIjo2MDAwMDAwMDAwMDAsImRlbGV0ZSI6OTAwMDAwMDAwMDAwfSwic2NoZW1hX3ZlcnNpb24iOiIxIn0=",
          "dependencies": [
            "aws_vpc.main"
          ]
        }
      ]
    },
    {
      "mode": "managed",
      "type": "aws_sns_topic",
      "name": "security_alerts",
      "provider": "provider[\"registry.terraform.io/hashicorp/aws\"]",
      "instances": [
        {
          "schema_version": 0,
          "attributes": {
            "application_failure_feedback_role_arn": "",
            "application_success_feedback_role_arn": "",
            "application_success_feedback_sample_rate": 0,
            "archive_policy": "",
            "arn": "arn:aws:sns:us-east-1:238841125793:security-alerts-topic",
            "beginning_archive_time": "",
            "content_based_deduplication": false,
            "delivery_policy": "",
            "display_name": "",
            "fifo_throughput_scope": "",
            "fifo_topic": false,
            "firehose_failure_feedback_role_arn": "",
            "firehose_success_feedback_role_arn": "",
            "firehose_success_feedback_sample_rate": 0,
            "http_failure_feedback_role_arn": "",
            "http_success_feedback_role_arn": "",
            "http_success_feedback_sample_rate": 0,
            "id": "arn:aws:sns:us-east-1:238841125793:security-alerts-topic",
            "kms_master_key_id": "",
            "lambda_failure_feedback_role_arn": "",
            "lambda_success_feedback_role_arn": "",
            "lambda_success_feedback_sample_rate": 0,
            "name": "security-alerts-topic",
            "name_prefix": "",
            "owner": "238841125793",
            "policy": "{\"Id\":\"__default_policy_ID\",\"Statement\":[{\"Action\":[\"SNS:GetTopicAttributes\",\"SNS:SetTopicAttributes\",\"SNS:AddPermission\",\"SNS:RemovePermission\",\"SNS:DeleteTopic\",\"SNS:Subscribe\",\"SNS:ListSubscriptionsByTopic\",\"SNS:Publish\"],\"Condition\":{\"StringEquals\":{\"AWS:SourceOwner\":\"238841125793\"}},\"Effect\":\"Allow\",\"Principal\":{\"AWS\":\"*\"},\"Resource\":\"arn:aws:sns:us-east-1:238841125793:security-alerts-topic\",\"Sid\":\"__default_statement_ID\"}],\"Version\":\"2008-10-17\"}",
            "region": "us-east-1",
            "signature_version": 0,
            "sqs_failure_feedback_role_arn": "",
            "sqs_success_feedback_role_arn": "",
            "sqs_success_feedback_sample_rate": 0,
            "tags": {},
            "tags_all": {
              "Environment": "v2-automation",
              "Project": "Cloud-Security-Monitoring"
            },
            "tracing_config": ""
          },
          "sensitive_attributes": [],
          "identity_schema_version": 0,
          "identity": {
            "arn": "arn:aws:sns:us-east-1:238841125793:security-alerts-topic"
          },
          "private": "bnVsbA=="
        }
      ]
    },
    {
      "mode": "managed",
      "type": "aws_sns_topic_subscription",
      "name": "email_subscription",
      "provider": "provider[\"registry.terraform.io/hashicorp/aws\"]",
      "instances": [
        {
          "schema_version": 0,
          "attributes": {
            "arn": "arn:aws:sns:us-east-1:238841125793:security-alerts-topic:c6bdd273-f844-45b4-83d6-47ffdd1629d4",
            "confirmation_timeout_in_minutes": 1,
            "confirmation_was_authenticated": false,
            "delivery_policy": "",
            "endpoint": "salahmo.cloudpso@gmail.com",
            "endpoint_auto_confirms": false,
            "filter_policy": "",
            "filter_policy_scope": "",
            "id": "arn:aws:sns:us-east-1:238841125793:security-alerts-topic:c6bdd273-f844-45b4-83d6-47ffdd1629d4",
            "owner_id": "238841125793",
            "pending_confirmation": false,
            "protocol": "email",
            "raw_message_delivery": false,
            "redrive_policy": "",
            "region": "us-east-1",
            "replay_policy": "",
            "subscription_role_arn": "",
            "topic_arn": "arn:aws:sns:us-east-1:238841125793:security-alerts-topic"
          },
          "sensitive_attributes": [],
          "identity_schema_version": 0,
          "identity": {
            "arn": "arn:aws:sns:us-east-1:238841125793:security-alerts-topic:c6bdd273-f844-45b4-83d6-47ffdd1629d4"
          },
          "private": "bnVsbA==",
          "dependencies": [
            "aws_sns_topic.security_alerts"
          ]
        }
      ]
    },
    {
      "mode": "managed",
      "type": "aws_subnet",
      "name": "public",
      "provider": "provider[\"registry.terraform.io/hashicorp/aws\"]",
      "instances": [
        {
          "schema_version": 1,
          "attributes": {
            "arn": "arn:aws:ec2:us-east-1:238841125793:subnet/subnet-0d45a09b8a57601f3",
            "assign_ipv6_address_on_creation": false,
            "availability_zone": "us-east-1a",
            "availability_zone_id": "use1-az1",
            "cidr_block": "10.0.1.0/24",
            "customer_owned_ipv4_pool": "",
            "enable_dns64": false,
            "enable_lni_at_device_index": 0,
            "enable_resource_name_dns_a_record_on_launch": false,
            "enable_resource_name_dns_aaaa_record_on_launch": false,
            "id": "subnet-0d45a09b8a57601f3",
            "ipv4_ipam_pool_id": null,
            "ipv4_netmask_length": null,
            "ipv6_cidr_block": "",
            "ipv6_cidr_block_association_id": "",
            "ipv6_ipam_pool_id": null,
            "ipv6_native": false,
            "ipv6_netmask_length": null,
            "map_customer_owned_ip_on_launch": false,
            "map_public_ip_on_launch": true,
            "outpost_arn": "",
            "owner_id": "238841125793",
            "private_dns_hostname_type_on_launch": "ip-name",
            "region": "us-east-1",
            "tags": {
              "Environment": "v2-automation",
              "Name": "Cloud-Security-Monitoring-public-subnet"
            },
            "tags_all": {
              "Environment": "v2-automation",
              "Name": "Cloud-Security-Monitoring-public-subnet",
              "Project": "Cloud-Security-Monitoring"
            },
            "timeouts": null,
            "vpc_id": "vpc-07cf714d5e2ec6f8b"
          },
          "sensitive_attributes": [],
          "identity_schema_version": 0,
          "identity": {
            "account_id": "238841125793",
            "id": "subnet-0d45a09b8a57601f3",
            "region": "us-east-1"
          },
          "private": "eyJlMmJmYjczMC1lY2FhLTExZTYtOGY4OC0zNDM2M2JjN2M0YzAiOnsiY3JlYXRlIjo2MDAwMDAwMDAwMDAsImRlbGV0ZSI6MTIwMDAwMDAwMDAwMH0sInNjaGVtYV92ZXJzaW9uIjoiMSJ9",
          "dependencies": [
            "aws_vpc.main"
          ]
        }
      ]
    },
    {
      "mode": "managed",
      "type": "aws_vpc",
      "name": "main",
      "provider": "provider[\"registry.terraform.io/hashicorp/aws\"]",
      "instances": [
        {
          "schema_version": 1,
          "attributes": {
            "arn": "arn:aws:ec2:us-east-1:238841125793:vpc/vpc-07cf714d5e2ec6f8b",
            "assign_generated_ipv6_cidr_block": false,
            "cidr_block": "10.0.0.0/16",
            "default_network_acl_id": "acl-0572dc3dbbc87a23e",
            "default_route_table_id": "rtb-0796948089aece03a",
            "default_security_group_id": "sg-0c118c8875be6e075",
            "dhcp_options_id": "dopt-013edf6404dc69e4e",
            "enable_dns_hostnames": true,
            "enable_dns_support": true,
            "enable_network_address_usage_metrics": false,
            "id": "vpc-07cf714d5e2ec6f8b",
            "instance_tenancy": "default",
            "ipv4_ipam_pool_id": null,
            "ipv4_netmask_length": null,
            "ipv6_association_id": "",
            "ipv6_cidr_block": "",
            "ipv6_cidr_block_network_border_group": "",
            "ipv6_ipam_pool_id": "",
            "ipv6_netmask_length": 0,
            "main_route_table_id": "rtb-0796948089aece03a",
            "owner_id": "238841125793",
            "region": "us-east-1",
            "tags": {
              "Environment": "v2-automation",
              "Name": "Cloud-Security-Monitoring-vpc"
            },
            "tags_all": {
              "Environment": "v2-automation",
              "Name": "Cloud-Security-Monitoring-vpc",
              "Project": "Cloud-Security-Monitoring"
            }
          },
          "sensitive_attributes": [],
          "identity_schema_version": 0,
          "identity": {
            "account_id": "238841125793",
            "id": "vpc-07cf714d5e2ec6f8b",
            "region": "us-east-1"
          },
          "private": "eyJzY2hlbWFfdmVyc2lvbiI6IjEifQ=="
        }
      ]
    }
  ],
  "check_results": null
}
